
Microsoft Visual Studio Solution File, Format Version 12.00
# Visual Studio Version 18
VisualStudioVersion = 18.2.11415.280 d18.0
MinimumVisualStudioVersion = 10.0.40219.1
Project("{FAE04EC0-301F-11D3-BF4B-00C04F79EFBC}") = "Recuria.Api", "Recuria.Api\Recuria.Api.csproj", "{D946D31C-44D0-4E47-8308-972C1A51DFF9}"
EndProject
Project("{FAE04EC0-301F-11D3-BF4B-00C04F79EFBC}") = "Recuira.Blazor", "Recuira.Blazor\Recuira.Blazor.csproj", "{7833049A-EBFB-49E8-9883-B23168C05E8F}"
EndProject
Project("{FAE04EC0-301F-11D3-BF4B-00C04F79EFBC}") = "Recuria.Domain", "Recuria.Domain\Recuria.Domain.csproj", "{DC4106DF-68DE-4B30-9DD3-2243470D34FC}"
EndProject
Project("{FAE04EC0-301F-11D3-BF4B-00C04F79EFBC}") = "Recuria.Application", "Recuria.Application\Recuria.Application.csproj", "{CDEAC1A7-9CB8-4C22-AC72-0F75F6FB64DD}"
EndProject
Project("{FAE04EC0-301F-11D3-BF4B-00C04F79EFBC}") = "Recuria.Infrastructure", "Recuria.Infrastructure\Recuria.Infrastructure.csproj", "{3BAB8002-C32B-4C44-8741-104E658E045D}"
EndProject
Project("{2150E333-8FDC-42A3-9474-1A3956D46DE8}") = "Frontend", "Frontend", "{8C027556-3185-41DB-8AC7-A2F07E331A83}"
EndProject
Project("{2150E333-8FDC-42A3-9474-1A3956D46DE8}") = "Backend", "Backend", "{0F8E1D64-0951-42D9-8A65-6264A299CD78}"
EndProject
Project("{2150E333-8FDC-42A3-9474-1A3956D46DE8}") = "Core", "Core", "{39F38E81-AFF7-4F6B-B13C-B3D133AEBB7C}"
EndProject
Project("{FAE04EC0-301F-11D3-BF4B-00C04F79EFBC}") = "Recuria.Tests", "Recuria.Tests\Recuria.Tests.csproj", "{568394D1-A113-4F2C-B332-C8DC53E585A2}"
EndProject
Global
	GlobalSection(SolutionConfigurationPlatforms) = preSolution
		Debug|Any CPU = Debug|Any CPU
		Release|Any CPU = Release|Any CPU
	EndGlobalSection
	GlobalSection(ProjectConfigurationPlatforms) = postSolution
		{D946D31C-44D0-4E47-8308-972C1A51DFF9}.Debug|Any CPU.ActiveCfg = Debug|Any CPU
		{D946D31C-44D0-4E47-8308-972C1A51DFF9}.Debug|Any CPU.Build.0 = Debug|Any CPU
		{D946D31C-44D0-4E47-8308-972C1A51DFF9}.Release|Any CPU.ActiveCfg = Release|Any CPU
		{D946D31C-44D0-4E47-8308-972C1A51DFF9}.Release|Any CPU.Build.0 = Release|Any CPU
		{7833049A-EBFB-49E8-9883-B23168C05E8F}.Debug|Any CPU.ActiveCfg = Debug|Any CPU
		{7833049A-EBFB-49E8-9883-B23168C05E8F}.Debug|Any CPU.Build.0 = Debug|Any CPU
		{7833049A-EBFB-49E8-9883-B23168C05E8F}.Release|Any CPU.ActiveCfg = Release|Any CPU
		{7833049A-EBFB-49E8-9883-B23168C05E8F}.Release|Any CPU.Build.0 = Release|Any CPU
		{DC4106DF-68DE-4B30-9DD3-2243470D34FC}.Debug|Any CPU.ActiveCfg = Debug|Any CPU
		{DC4106DF-68DE-4B30-9DD3-2243470D34FC}.Debug|Any CPU.Build.0 = Debug|Any CPU
		{DC4106DF-68DE-4B30-9DD3-2243470D34FC}.Release|Any CPU.ActiveCfg = Release|Any CPU
		{DC4106DF-68DE-4B30-9DD3-2243470D34FC}.Release|Any CPU.Build.0 = Release|Any CPU
		{CDEAC1A7-9CB8-4C22-AC72-0F75F6FB64DD}.Debug|Any CPU.ActiveCfg = Debug|Any CPU
		{CDEAC1A7-9CB8-4C22-AC72-0F75F6FB64DD}.Debug|Any CPU.Build.0 = Debug|Any CPU
		{CDEAC1A7-9CB8-4C22-AC72-0F75F6FB64DD}.Release|Any CPU.ActiveCfg = Release|Any CPU
		{CDEAC1A7-9CB8-4C22-AC72-0F75F6FB64DD}.Release|Any CPU.Build.0 = Release|Any CPU
		{3BAB8002-C32B-4C44-8741-104E658E045D}.Debug|Any CPU.ActiveCfg = Debug|Any CPU
		{3BAB8002-C32B-4C44-8741-104E658E045D}.Debug|Any CPU.Build.0 = Debug|Any CPU
		{3BAB8002-C32B-4C44-8741-104E658E045D}.Release|Any CPU.ActiveCfg = Release|Any CPU
		{3BAB8002-C32B-4C44-8741-104E658E045D}.Release|Any CPU.Build.0 = Release|Any CPU
		{568394D1-A113-4F2C-B332-C8DC53E585A2}.Debug|Any CPU.ActiveCfg = Debug|Any CPU
		{568394D1-A113-4F2C-B332-C8DC53E585A2}.Debug|Any CPU.Build.0 = Debug|Any CPU
		{568394D1-A113-4F2C-B332-C8DC53E585A2}.Release|Any CPU.ActiveCfg = Release|Any CPU
		{568394D1-A113-4F2C-B332-C8DC53E585A2}.Release|Any CPU.Build.0 = Release|Any CPU
	EndGlobalSection
	GlobalSection(SolutionProperties) = preSolution
		HideSolutionNode = FALSE
	EndGlobalSection
	GlobalSection(NestedProjects) = preSolution
		{D946D31C-44D0-4E47-8308-972C1A51DFF9} = {0F8E1D64-0951-42D9-8A65-6264A299CD78}
		{7833049A-EBFB-49E8-9883-B23168C05E8F} = {8C027556-3185-41DB-8AC7-A2F07E331A83}
		{DC4106DF-68DE-4B30-9DD3-2243470D34FC} = {39F38E81-AFF7-4F6B-B13C-B3D133AEBB7C}
		{CDEAC1A7-9CB8-4C22-AC72-0F75F6FB64DD} = {39F38E81-AFF7-4F6B-B13C-B3D133AEBB7C}
		{3BAB8002-C32B-4C44-8741-104E658E045D} = {39F38E81-AFF7-4F6B-B13C-B3D133AEBB7C}
	EndGlobalSection
	GlobalSection(ExtensibilityGlobals) = postSolution
		SolutionGuid = {CFC86E6F-1C53-4A7F-AD34-52E7C4804D7F}
	EndGlobalSection
EndGlobal
